{
  "name": "PuppyBrained",
  "version": "0.1.0",
  "lockfileVersion": 3,
  "requires": true,
  "packages": {
    "": {
      "name": "PuppyBrained",
      "version": "0.1.0",
      "dependencies": {
        "@floating-ui/core": "^1.2.1",
        "@floating-ui/dom": "^1.2.1"
      }
    },
    "node_modules/@floating-ui/core": {
      "version": "1.2.1",
      "resolved": "https://registry.npmjs.org/@floating-ui/core/-/core-1.2.1.tgz",
      "integrity": "sha512-LSqwPZkK3rYfD7GKoIeExXOyYx6Q1O4iqZWwIehDNuv3Dv425FIAE8PRwtAx1imEolFTHgBEcoFHm9MDnYgPCg=="
    },
    "node_modules/@floating-ui/dom": {
      "version": "1.2.1",
      "resolved": "https://registry.npmjs.org/@floating-ui/dom/-/dom-1.2.1.tgz",
      "integrity": "sha512-Rt45SmRiV8eU+xXSB9t0uMYiQ/ZWGE/jumse2o3i5RGlyvcbqOF4q+1qBnzLE2kZ5JGhq0iMkcGXUKbFe7MpTA==",
      "dependencies": {
        "@floating-ui/core": "^1.2.1"
      }
    }
  }
}
